
Microsoft Visual Studio Solution File, Format Version 12.00
# Visual Studio Version 16
VisualStudioVersion = 16.0.31702.278
MinimumVisualStudioVersion = 10.0.40219.1
Project("{FAE04EC0-301F-11D3-BF4B-00C04F79EFBC}") = "CapaDatos", "CapaDatos\CapaDatos.csproj", "{634D3B8B-CFBF-4976-A5CD-ABF9B232A4B2}"
EndProject
Project("{FAE04EC0-301F-11D3-BF4B-00C04F79EFBC}") = "CapaNegocio", "CapaNegocio\CapaNegocio.csproj", "{016F1715-D1DC-41B7-9C70-38297801B7C5}"
EndProject
Project("{FAE04EC0-301F-11D3-BF4B-00C04F79EFBC}") = "CapaPresentacion", "CapaPresentacion\CapaPresentacion.csproj", "{625D5D80-3FE7-4D5D-94CB-FD97F2EED909}"
EndProject
Global
	GlobalSection(SolutionConfigurationPlatforms) = preSolution
		Debug|Any CPU = Debug|Any CPU
		Release|Any CPU = Release|Any CPU
	EndGlobalSection
	GlobalSection(ProjectConfigurationPlatforms) = postSolution
		{634D3B8B-CFBF-4976-A5CD-ABF9B232A4B2}.Debug|Any CPU.ActiveCfg = Debug|Any CPU
		{634D3B8B-CFBF-4976-A5CD-ABF9B232A4B2}.Debug|Any CPU.Build.0 = Debug|Any CPU
		{634D3B8B-CFBF-4976-A5CD-ABF9B232A4B2}.Release|Any CPU.ActiveCfg = Release|Any CPU
		{634D3B8B-CFBF-4976-A5CD-ABF9B232A4B2}.Release|Any CPU.Build.0 = Release|Any CPU
		{016F1715-D1DC-41B7-9C70-38297801B7C5}.Debug|Any CPU.ActiveCfg = Debug|Any CPU
		{016F1715-D1DC-41B7-9C70-38297801B7C5}.Debug|Any CPU.Build.0 = Debug|Any CPU
		{016F1715-D1DC-41B7-9C70-38297801B7C5}.Release|Any CPU.ActiveCfg = Release|Any CPU
		{016F1715-D1DC-41B7-9C70-38297801B7C5}.Release|Any CPU.Build.0 = Release|Any CPU
		{625D5D80-3FE7-4D5D-94CB-FD97F2EED909}.Debug|Any CPU.ActiveCfg = Debug|Any CPU
		{625D5D80-3FE7-4D5D-94CB-FD97F2EED909}.Debug|Any CPU.Build.0 = Debug|Any CPU
		{625D5D80-3FE7-4D5D-94CB-FD97F2EED909}.Release|Any CPU.ActiveCfg = Release|Any CPU
		{625D5D80-3FE7-4D5D-94CB-FD97F2EED909}.Release|Any CPU.Build.0 = Release|Any CPU
	EndGlobalSection
	GlobalSection(SolutionProperties) = preSolution
		HideSolutionNode = FALSE
	EndGlobalSection
	GlobalSection(ExtensibilityGlobals) = postSolution
		SolutionGuid = {388E1B82-AB74-487B-BD54-594E9979FFEC}
	EndGlobalSection
EndGlobal
